
Microsoft Visual Studio Solution File, Format Version 12.00
# Visual Studio 14
VisualStudioVersion = 14.0.25420.1
MinimumVisualStudioVersion = 10.0.40219.1
Project("{FAE04EC0-301F-11D3-BF4B-00C04F79EFBC}") = "ClassTasks.Web", "ClassTasks.Web\ClassTasks.Web.csproj", "{30F78250-29C0-476C-84AF-8A137AB3730D}"
EndProject
Project("{FAE04EC0-301F-11D3-BF4B-00C04F79EFBC}") = "ClassTasks.Core", "ClassTasks.Core\ClassTasks.Core.csproj", "{01C1AA9E-4CD3-4608-948F-3E73C906E591}"
EndProject
Global
	GlobalSection(SolutionConfigurationPlatforms) = preSolution
		Debug|Any CPU = Debug|Any CPU
		Release|Any CPU = Release|Any CPU
	EndGlobalSection
	GlobalSection(ProjectConfigurationPlatforms) = postSolution
		{30F78250-29C0-476C-84AF-8A137AB3730D}.Debug|Any CPU.ActiveCfg = Debug|Any CPU
		{30F78250-29C0-476C-84AF-8A137AB3730D}.Debug|Any CPU.Build.0 = Debug|Any CPU
		{30F78250-29C0-476C-84AF-8A137AB3730D}.Release|Any CPU.ActiveCfg = Release|Any CPU
		{30F78250-29C0-476C-84AF-8A137AB3730D}.Release|Any CPU.Build.0 = Release|Any CPU
		{01C1AA9E-4CD3-4608-948F-3E73C906E591}.Debug|Any CPU.ActiveCfg = Debug|Any CPU
		{01C1AA9E-4CD3-4608-948F-3E73C906E591}.Debug|Any CPU.Build.0 = Debug|Any CPU
		{01C1AA9E-4CD3-4608-948F-3E73C906E591}.Release|Any CPU.ActiveCfg = Release|Any CPU
		{01C1AA9E-4CD3-4608-948F-3E73C906E591}.Release|Any CPU.Build.0 = Release|Any CPU
	EndGlobalSection
	GlobalSection(SolutionProperties) = preSolution
		HideSolutionNode = FALSE
	EndGlobalSection
EndGlobal
